// !$*UTF8*$!
{
	archiveVersion = 1;
	classes = {
	};
	objectVersion = 56;
	objects = {

/* Begin PBXBuildFile section */
		53E0D8972C06084700DE1134 /* MediStockApp.swift in Sources */ = {isa = PBXBuildFile; fileRef = 53E0D8962C06084700DE1134 /* MediStockApp.swift */; };
		53E0D8992C06084700DE1134 /* ContentView.swift in Sources */ = {isa = PBXBuildFile; fileRef = 53E0D8982C06084700DE1134 /* ContentView.swift */; };
		53E0D89B2C06084900DE1134 /* Assets.xcassets in Resources */ = {isa = PBXBuildFile; fileRef = 53E0D89A2C06084900DE1134 /* Assets.xcassets */; };
		53E0D89E2C06084900DE1134 /* Preview Assets.xcassets in Resources */ = {isa = PBXBuildFile; fileRef = 53E0D89D2C06084900DE1134 /* Preview Assets.xcassets */; };
		53E0D8A82C06084900DE1134 /* MedicineStockViewModelTests.swift in Sources */ = {isa = PBXBuildFile; fileRef = 53E0D8A72C06084900DE1134 /* MedicineStockViewModelTests.swift */; };
		53E0D8B22C06084900DE1134 /* MediStockUITests.swift in Sources */ = {isa = PBXBuildFile; fileRef = 53E0D8B12C06084900DE1134 /* MediStockUITests.swift */; };
		53E0D8B42C06084900DE1134 /* MediStockUITestsLaunchTests.swift in Sources */ = {isa = PBXBuildFile; fileRef = 53E0D8B32C06084900DE1134 /* MediStockUITestsLaunchTests.swift */; };
		53E0D8C82C06092E00DE1134 /* FirebaseAuth in Frameworks */ = {isa = PBXBuildFile; productRef = 53E0D8C72C06092E00DE1134 /* FirebaseAuth */; };
		53E0D8D22C06092E00DE1134 /* FirebaseFirestore in Frameworks */ = {isa = PBXBuildFile; productRef = 53E0D8D12C06092E00DE1134 /* FirebaseFirestore */; };
		53E0D8D82C06097900DE1134 /* LoginView.swift in Sources */ = {isa = PBXBuildFile; fileRef = 53E0D8D72C06097900DE1134 /* LoginView.swift */; };
		53E0D8DA2C06098F00DE1134 /* MedicineListView.swift in Sources */ = {isa = PBXBuildFile; fileRef = 53E0D8D92C06098F00DE1134 /* MedicineListView.swift */; };
		53E0D8DC2C06099C00DE1134 /* Medicine.swift in Sources */ = {isa = PBXBuildFile; fileRef = 53E0D8DB2C06099C00DE1134 /* Medicine.swift */; };
		53E0D8DE2C0609A800DE1134 /* MedicineStockViewModel.swift in Sources */ = {isa = PBXBuildFile; fileRef = 53E0D8DD2C0609A800DE1134 /* MedicineStockViewModel.swift */; };
		53E0D8E02C0609B900DE1134 /* SessionManager.swift in Sources */ = {isa = PBXBuildFile; fileRef = 53E0D8DF2C0609B900DE1134 /* SessionManager.swift */; };
		53E0D8E22C065FFE00DE1134 /* AppDelegate.swift in Sources */ = {isa = PBXBuildFile; fileRef = 53E0D8E12C065FFE00DE1134 /* AppDelegate.swift */; };
		53E0D8E62C066F4100DE1134 /* AisleListView.swift in Sources */ = {isa = PBXBuildFile; fileRef = 53E0D8E52C066F4100DE1134 /* AisleListView.swift */; };
		53E0D8E82C066F6500DE1134 /* MedicineDetailView.swift in Sources */ = {isa = PBXBuildFile; fileRef = 53E0D8E72C066F6500DE1134 /* MedicineDetailView.swift */; };
		53E0D8EA2C066F7A00DE1134 /* HistoryEntry.swift in Sources */ = {isa = PBXBuildFile; fileRef = 53E0D8E92C066F7A00DE1134 /* HistoryEntry.swift */; };
		53E0D8EC2C06717200DE1134 /* MainTabView.swift in Sources */ = {isa = PBXBuildFile; fileRef = 53E0D8EB2C06717200DE1134 /* MainTabView.swift */; };
		53E0D8EE2C06718100DE1134 /* AllMedicinesView.swift in Sources */ = {isa = PBXBuildFile; fileRef = 53E0D8ED2C06718100DE1134 /* AllMedicinesView.swift */; };
		F30003393024BCC80025EFCA /* GoogleService-Info.plist in Resources */ = {isa = PBXBuildFile; fileRef = F30003383024BCC80025EFCA /* GoogleService-Info.plist */; };
		F4D2000100000000000000AA /* AppEnvironment.swift in Sources */ = {isa = PBXBuildFile; fileRef = F4D1000100000000000000AA /* AppEnvironment.swift */; };
		F4D2000200000000000000AA /* DIContainer.swift in Sources */ = {isa = PBXBuildFile; fileRef = F4D1000200000000000000AA /* DIContainer.swift */; };
		F4D2000300000000000000AA /* PreviewSupport.swift in Sources */ = {isa = PBXBuildFile; fileRef = F4D1000300000000000000AA /* PreviewSupport.swift */; };
		F4D2000400000000000000AA /* MedicineRepository.swift in Sources */ = {isa = PBXBuildFile; fileRef = F4D1000400000000000000AA /* MedicineRepository.swift */; };
		F4D2000500000000000000AA /* HistoryRepository.swift in Sources */ = {isa = PBXBuildFile; fileRef = F4D1000500000000000000AA /* HistoryRepository.swift */; };
		F4D2000600000000000000AA /* AuthService.swift in Sources */ = {isa = PBXBuildFile; fileRef = F4D1000600000000000000AA /* AuthService.swift */; };
		F4D2000700000000000000AA /* FirestoreMedicineRepository.swift in Sources */ = {isa = PBXBuildFile; fileRef = F4D1000700000000000000AA /* FirestoreMedicineRepository.swift */; };
		F4D2000800000000000000AA /* FirestoreHistoryRepository.swift in Sources */ = {isa = PBXBuildFile; fileRef = F4D1000800000000000000AA /* FirestoreHistoryRepository.swift */; };
		F4D2000900000000000000AA /* FirebaseAuthService.swift in Sources */ = {isa = PBXBuildFile; fileRef = F4D1000900000000000000AA /* FirebaseAuthService.swift */; };
		F4D2001000000000000000AA /* FirebaseAuthStateObservation.swift in Sources */ = {isa = PBXBuildFile; fileRef = F4D1001000000000000000AA /* FirebaseAuthStateObservation.swift */; };
		F4D2001100000000000000AA /* FirestoreErrorMapper.swift in Sources */ = {isa = PBXBuildFile; fileRef = F4D1001100000000000000AA /* FirestoreErrorMapper.swift */; };
		F4D2001200000000000000AA /* AppUser.swift in Sources */ = {isa = PBXBuildFile; fileRef = F4D1001200000000000000AA /* AppUser.swift */; };
		F4D2001300000000000000AA /* MediStockError.swift in Sources */ = {isa = PBXBuildFile; fileRef = F4D1001300000000000000AA /* MediStockError.swift */; };
		F4D2001400000000000000AA /* SortOption.swift in Sources */ = {isa = PBXBuildFile; fileRef = F4D1001400000000000000AA /* SortOption.swift */; };
		F4D5000100000000000000AA /* SessionManagerTests.swift in Sources */ = {isa = PBXBuildFile; fileRef = F4D4000100000000000000AA /* SessionManagerTests.swift */; };
		F4D5000200000000000000AA /* Stubs.swift in Sources */ = {isa = PBXBuildFile; fileRef = F4D4000200000000000000AA /* Stubs.swift */; };
		F4D5000300000000000000AA /* MockMedicineRepository.swift in Sources */ = {isa = PBXBuildFile; fileRef = F4D4000300000000000000AA /* MockMedicineRepository.swift */; };
		F4D5000400000000000000AA /* MockHistoryRepository.swift in Sources */ = {isa = PBXBuildFile; fileRef = F4D4000400000000000000AA /* MockHistoryRepository.swift */; };
		F4D5000500000000000000AA /* MockAuthService.swift in Sources */ = {isa = PBXBuildFile; fileRef = F4D4000500000000000000AA /* MockAuthService.swift */; };
		F4D8001000000000000000AA /* AppScreen.swift in Sources */ = {isa = PBXBuildFile; fileRef = F4D8000100000000000000AA /* AppScreen.swift */; };
		F4D8001100000000000000AA /* ViewModelFactory.swift in Sources */ = {isa = PBXBuildFile; fileRef = F4D8000200000000000000AA /* ViewModelFactory.swift */; };
		F4D9001000000000000000AA /* LoginViewModel.swift in Sources */ = {isa = PBXBuildFile; fileRef = F4D9000100000000000000AA /* LoginViewModel.swift */; };
		F4D9002000000000000000AA /* LoginViewModelTests.swift in Sources */ = {isa = PBXBuildFile; fileRef = F4D9000200000000000000AA /* LoginViewModelTests.swift */; };
/* End PBXBuildFile section */

/* Begin PBXContainerItemProxy section */
		53E0D8A42C06084900DE1134 /* PBXContainerItemProxy */ = {
			isa = PBXContainerItemProxy;
			containerPortal = 53E0D88B2C06084700DE1134 /* Project object */;
			proxyType = 1;
			remoteGlobalIDString = 53E0D8922C06084700DE1134;
			remoteInfo = MediStock;
		};
		53E0D8AE2C06084900DE1134 /* PBXContainerItemProxy */ = {
			isa = PBXContainerItemProxy;
			containerPortal = 53E0D88B2C06084700DE1134 /* Project object */;
			proxyType = 1;
			remoteGlobalIDString = 53E0D8922C06084700DE1134;
			remoteInfo = MediStock;
		};
/* End PBXContainerItemProxy section */

/* Begin PBXFileReference section */
		53E0D8932C06084700DE1134 /* MediStock.app */ = {isa = PBXFileReference; explicitFileType = wrapper.application; includeInIndex = 0; path = MediStock.app; sourceTree = BUILT_PRODUCTS_DIR; };
		53E0D8962C06084700DE1134 /* MediStockApp.swift */ = {isa = PBXFileReference; lastKnownFileType = sourcecode.swift; path = MediStockApp.swift; sourceTree = "<group>"; };
		53E0D8982C06084700DE1134 /* ContentView.swift */ = {isa = PBXFileReference; lastKnownFileType = sourcecode.swift; path = ContentView.swift; sourceTree = "<group>"; };
		53E0D89A2C06084900DE1134 /* Assets.xcassets */ = {isa = PBXFileReference; lastKnownFileType = folder.assetcatalog; path = Assets.xcassets; sourceTree = "<group>"; };
		53E0D89D2C06084900DE1134 /* Preview Assets.xcassets */ = {isa = PBXFileReference; lastKnownFileType = folder.assetcatalog; path = "Preview Assets.xcassets"; sourceTree = "<group>"; };
		53E0D8A32C06084900DE1134 /* MediStockTests.xctest */ = {isa = PBXFileReference; explicitFileType = wrapper.cfbundle; includeInIndex = 0; path = MediStockTests.xctest; sourceTree = BUILT_PRODUCTS_DIR; };
		53E0D8A72C06084900DE1134 /* MedicineStockViewModelTests.swift */ = {isa = PBXFileReference; lastKnownFileType = sourcecode.swift; path = MedicineStockViewModelTests.swift; sourceTree = "<group>"; };
		53E0D8AD2C06084900DE1134 /* MediStockUITests.xctest */ = {isa = PBXFileReference; explicitFileType = wrapper.cfbundle; includeInIndex = 0; path = MediStockUITests.xctest; sourceTree = BUILT_PRODUCTS_DIR; };
		53E0D8B12C06084900DE1134 /* MediStockUITests.swift */ = {isa = PBXFileReference; lastKnownFileType = sourcecode.swift; path = MediStockUITests.swift; sourceTree = "<group>"; };
		53E0D8B32C06084900DE1134 /* MediStockUITestsLaunchTests.swift */ = {isa = PBXFileReference; lastKnownFileType = sourcecode.swift; path = MediStockUITestsLaunchTests.swift; sourceTree = "<group>"; };
		53E0D8D72C06097900DE1134 /* LoginView.swift */ = {isa = PBXFileReference; lastKnownFileType = sourcecode.swift; path = LoginView.swift; sourceTree = "<group>"; };
		53E0D8D92C06098F00DE1134 /* MedicineListView.swift */ = {isa = PBXFileReference; lastKnownFileType = sourcecode.swift; path = MedicineListView.swift; sourceTree = "<group>"; };
		53E0D8DB2C06099C00DE1134 /* Medicine.swift */ = {isa = PBXFileReference; lastKnownFileType = sourcecode.swift; path = Medicine.swift; sourceTree = "<group>"; };
		53E0D8DD2C0609A800DE1134 /* MedicineStockViewModel.swift */ = {isa = PBXFileReference; lastKnownFileType = sourcecode.swift; path = MedicineStockViewModel.swift; sourceTree = "<group>"; };
		53E0D8DF2C0609B900DE1134 /* SessionManager.swift */ = {isa = PBXFileReference; lastKnownFileType = sourcecode.swift; path = SessionManager.swift; sourceTree = "<group>"; };
		53E0D8E12C065FFE00DE1134 /* AppDelegate.swift */ = {isa = PBXFileReference; lastKnownFileType = sourcecode.swift; path = AppDelegate.swift; sourceTree = "<group>"; };
		53E0D8E52C066F4100DE1134 /* AisleListView.swift */ = {isa = PBXFileReference; lastKnownFileType = sourcecode.swift; path = AisleListView.swift; sourceTree = "<group>"; };
		53E0D8E72C066F6500DE1134 /* MedicineDetailView.swift */ = {isa = PBXFileReference; lastKnownFileType = sourcecode.swift; path = MedicineDetailView.swift; sourceTree = "<group>"; };
		53E0D8E92C066F7A00DE1134 /* HistoryEntry.swift */ = {isa = PBXFileReference; lastKnownFileType = sourcecode.swift; path = HistoryEntry.swift; sourceTree = "<group>"; };
		53E0D8EB2C06717200DE1134 /* MainTabView.swift */ = {isa = PBXFileReference; lastKnownFileType = sourcecode.swift; path = MainTabView.swift; sourceTree = "<group>"; };
		53E0D8ED2C06718100DE1134 /* AllMedicinesView.swift */ = {isa = PBXFileReference; lastKnownFileType = sourcecode.swift; path = AllMedicinesView.swift; sourceTree = "<group>"; };
		F30003383024BCC80025EFCA /* GoogleService-Info.plist */ = {isa = PBXFileReference; lastKnownFileType = text.plist.xml; path = "GoogleService-Info.plist"; sourceTree = "<group>"; };
		F4D1000100000000000000AA /* AppEnvironment.swift */ = {isa = PBXFileReference; lastKnownFileType = sourcecode.swift; path = AppEnvironment.swift; sourceTree = "<group>"; };
		F4D1000200000000000000AA /* DIContainer.swift */ = {isa = PBXFileReference; lastKnownFileType = sourcecode.swift; path = DIContainer.swift; sourceTree = "<group>"; };
		F4D1000300000000000000AA /* PreviewSupport.swift */ = {isa = PBXFileReference; lastKnownFileType = sourcecode.swift; path = PreviewSupport.swift; sourceTree = "<group>"; };
		F4D1000400000000000000AA /* MedicineRepository.swift */ = {isa = PBXFileReference; lastKnownFileType = sourcecode.swift; path = MedicineRepository.swift; sourceTree = "<group>"; };
		F4D1000500000000000000AA /* HistoryRepository.swift */ = {isa = PBXFileReference; lastKnownFileType = sourcecode.swift; path = HistoryRepository.swift; sourceTree = "<group>"; };
		F4D1000600000000000000AA /* AuthService.swift */ = {isa = PBXFileReference; lastKnownFileType = sourcecode.swift; path = AuthService.swift; sourceTree = "<group>"; };
		F4D1000700000000000000AA /* FirestoreMedicineRepository.swift */ = {isa = PBXFileReference; lastKnownFileType = sourcecode.swift; path = FirestoreMedicineRepository.swift; sourceTree = "<group>"; };
		F4D1000800000000000000AA /* FirestoreHistoryRepository.swift */ = {isa = PBXFileReference; lastKnownFileType = sourcecode.swift; path = FirestoreHistoryRepository.swift; sourceTree = "<group>"; };
		F4D1000900000000000000AA /* FirebaseAuthService.swift */ = {isa = PBXFileReference; lastKnownFileType = sourcecode.swift; path = FirebaseAuthService.swift; sourceTree = "<group>"; };
		F4D1001000000000000000AA /* FirebaseAuthStateObservation.swift */ = {isa = PBXFileReference; lastKnownFileType = sourcecode.swift; path = FirebaseAuthStateObservation.swift; sourceTree = "<group>"; };
		F4D1001100000000000000AA /* FirestoreErrorMapper.swift */ = {isa = PBXFileReference; lastKnownFileType = sourcecode.swift; path = FirestoreErrorMapper.swift; sourceTree = "<group>"; };
		F4D1001200000000000000AA /* AppUser.swift */ = {isa = PBXFileReference; lastKnownFileType = sourcecode.swift; path = AppUser.swift; sourceTree = "<group>"; };
		F4D1001300000000000000AA /* MediStockError.swift */ = {isa = PBXFileReference; lastKnownFileType = sourcecode.swift; path = MediStockError.swift; sourceTree = "<group>"; };
		F4D1001400000000000000AA /* SortOption.swift */ = {isa = PBXFileReference; lastKnownFileType = sourcecode.swift; path = SortOption.swift; sourceTree = "<group>"; };
		F4D4000100000000000000AA /* SessionManagerTests.swift */ = {isa = PBXFileReference; lastKnownFileType = sourcecode.swift; path = SessionManagerTests.swift; sourceTree = "<group>"; };
		F4D4000200000000000000AA /* Stubs.swift */ = {isa = PBXFileReference; lastKnownFileType = sourcecode.swift; path = Stubs.swift; sourceTree = "<group>"; };
		F4D4000300000000000000AA /* MockMedicineRepository.swift */ = {isa = PBXFileReference; lastKnownFileType = sourcecode.swift; path = MockMedicineRepository.swift; sourceTree = "<group>"; };
		F4D4000400000000000000AA /* MockHistoryRepository.swift */ = {isa = PBXFileReference; lastKnownFileType = sourcecode.swift; path = MockHistoryRepository.swift; sourceTree = "<group>"; };
		F4D4000500000000000000AA /* MockAuthService.swift */ = {isa = PBXFileReference; lastKnownFileType = sourcecode.swift; path = MockAuthService.swift; sourceTree = "<group>"; };
		F4D8000100000000000000AA /* AppScreen.swift */ = {isa = PBXFileReference; lastKnownFileType = sourcecode.swift; path = AppScreen.swift; sourceTree = "<group>"; };
		F4D8000200000000000000AA /* ViewModelFactory.swift */ = {isa = PBXFileReference; lastKnownFileType = sourcecode.swift; path = ViewModelFactory.swift; sourceTree = "<group>"; };
		F4D9000100000000000000AA /* LoginViewModel.swift */ = {isa = PBXFileReference; lastKnownFileType = sourcecode.swift; path = LoginViewModel.swift; sourceTree = "<group>"; };
		F4D9000200000000000000AA /* LoginViewModelTests.swift */ = {isa = PBXFileReference; lastKnownFileType = sourcecode.swift; path = LoginViewModelTests.swift; sourceTree = "<group>"; };
/* End PBXFileReference section */

/* Begin PBXFrameworksBuildPhase section */
		53E0D8902C06084700DE1134 /* Frameworks */ = {
			isa = PBXFrameworksBuildPhase;
			buildActionMask = 2147483647;
			files = (
				53E0D8D22C06092E00DE1134 /* FirebaseFirestore in Frameworks */,
				53E0D8C82C06092E00DE1134 /* FirebaseAuth in Frameworks */,
			);
			runOnlyForDeploymentPostprocessing = 0;
		};
		53E0D8A02C06084900DE1134 /* Frameworks */ = {
			isa = PBXFrameworksBuildPhase;
			buildActionMask = 2147483647;
			files = (
			);
			runOnlyForDeploymentPostprocessing = 0;
		};
		53E0D8AA2C06084900DE1134 /* Frameworks */ = {
			isa = PBXFrameworksBuildPhase;
			buildActionMask = 2147483647;
			files = (
			);
			runOnlyForDeploymentPostprocessing = 0;
		};
/* End PBXFrameworksBuildPhase section */

/* Begin PBXGroup section */
		53E0D88A2C06084700DE1134 = {
			isa = PBXGroup;
			children = (
				53E0D8952C06084700DE1134 /* MediStock */,
				53E0D8A62C06084900DE1134 /* MediStockTests */,
				53E0D8B02C06084900DE1134 /* MediStockUITests */,
				53E0D8942C06084700DE1134 /* Products */,
			);
			sourceTree = "<group>";
		};
		53E0D8942C06084700DE1134 /* Products */ = {
			isa = PBXGroup;
			children = (
				53E0D8932C06084700DE1134 /* MediStock.app */,
				53E0D8A32C06084900DE1134 /* MediStockTests.xctest */,
				53E0D8AD2C06084900DE1134 /* MediStockUITests.xctest */,
			);
			name = Products;
			sourceTree = "<group>";
		};
		53E0D8952C06084700DE1134 /* MediStock */ = {
			isa = PBXGroup;
			children = (
				F4D7000100000000000000AA /* Features */,
				F4D3000100000000000000AA /* App */,
				F4D3000200000000000000AA /* Network */,
				F4D3000600000000000000AA /* Shared */,
				53E0D89A2C06084900DE1134 /* Assets.xcassets */,
				53E0D89C2C06084900DE1134 /* Preview Content */,
				F30003383024BCC80025EFCA /* GoogleService-Info.plist */,
			);
			path = MediStock;
			sourceTree = "<group>";
		};
		53E0D89C2C06084900DE1134 /* Preview Content */ = {
			isa = PBXGroup;
			children = (
				53E0D89D2C06084900DE1134 /* Preview Assets.xcassets */,
			);
			path = "Preview Content";
			sourceTree = "<group>";
		};
		53E0D8A62C06084900DE1134 /* MediStockTests */ = {
			isa = PBXGroup;
			children = (
				F4D9000200000000000000AA /* LoginViewModelTests.swift */,
				F4D6000100000000000000AA /* Helpers */,
				F4D6000200000000000000AA /* Mocks */,
				F4D4000100000000000000AA /* SessionManagerTests.swift */,
				53E0D8A72C06084900DE1134 /* MedicineStockViewModelTests.swift */,
			);
			path = MediStockTests;
			sourceTree = "<group>";
		};
		53E0D8B02C06084900DE1134 /* MediStockUITests */ = {
			isa = PBXGroup;
			children = (
				53E0D8B12C06084900DE1134 /* MediStockUITests.swift */,
				53E0D8B32C06084900DE1134 /* MediStockUITestsLaunchTests.swift */,
			);
			path = MediStockUITests;
			sourceTree = "<group>";
		};
		F4D3000100000000000000AA /* App */ = {
			isa = PBXGroup;
			children = (
				F4D8000100000000000000AA /* AppScreen.swift */,
				F4D8000200000000000000AA /* ViewModelFactory.swift */,
				53E0D8DF2C0609B900DE1134 /* SessionManager.swift */,
				53E0D8962C06084700DE1134 /* MediStockApp.swift */,
				53E0D8E12C065FFE00DE1134 /* AppDelegate.swift */,
				53E0D8982C06084700DE1134 /* ContentView.swift */,
				F4D1000100000000000000AA /* AppEnvironment.swift */,
				F4D1000200000000000000AA /* DIContainer.swift */,
				F4D1000300000000000000AA /* PreviewSupport.swift */,
			);
			path = App;
			sourceTree = "<group>";
		};
		F4D3000200000000000000AA /* Network */ = {
			isa = PBXGroup;
			children = (
				F4D3000300000000000000AA /* Protocols */,
				F4D3000400000000000000AA /* Services */,
			);
			path = Network;
			sourceTree = "<group>";
		};
		F4D3000300000000000000AA /* Protocols */ = {
			isa = PBXGroup;
			children = (
				F4D1000400000000000000AA /* MedicineRepository.swift */,
				F4D1000500000000000000AA /* HistoryRepository.swift */,
				F4D1000600000000000000AA /* AuthService.swift */,
			);
			path = Protocols;
			sourceTree = "<group>";
		};
		F4D3000400000000000000AA /* Services */ = {
			isa = PBXGroup;
			children = (
				F4D3000500000000000000AA /* Firebase */,
			);
			path = Services;
			sourceTree = "<group>";
		};
		F4D3000500000000000000AA /* Firebase */ = {
			isa = PBXGroup;
			children = (
				F4D1000700000000000000AA /* FirestoreMedicineRepository.swift */,
				F4D1000800000000000000AA /* FirestoreHistoryRepository.swift */,
				F4D1000900000000000000AA /* FirebaseAuthService.swift */,
				F4D1001000000000000000AA /* FirebaseAuthStateObservation.swift */,
				F4D1001100000000000000AA /* FirestoreErrorMapper.swift */,
			);
			path = Firebase;
			sourceTree = "<group>";
		};
		F4D3000600000000000000AA /* Shared */ = {
			isa = PBXGroup;
			children = (
				F4D3000700000000000000AA /* Models */,
			);
			path = Shared;
			sourceTree = "<group>";
		};
		F4D3000700000000000000AA /* Models */ = {
			isa = PBXGroup;
			children = (
				F4D1001200000000000000AA /* AppUser.swift */,
				F4D1001300000000000000AA /* MediStockError.swift */,
				53E0D8DB2C06099C00DE1134 /* Medicine.swift */,
				53E0D8E92C066F7A00DE1134 /* HistoryEntry.swift */,
			);
			path = Models;
			sourceTree = "<group>";
		};
		F4D6000100000000000000AA /* Helpers */ = {
			isa = PBXGroup;
			children = (
				F4D4000200000000000000AA /* Stubs.swift */,
			);
			path = Helpers;
			sourceTree = "<group>";
		};
		F4D6000200000000000000AA /* Mocks */ = {
			isa = PBXGroup;
			children = (
				F4D4000300000000000000AA /* MockMedicineRepository.swift */,
				F4D4000400000000000000AA /* MockHistoryRepository.swift */,
				F4D4000500000000000000AA /* MockAuthService.swift */,
			);
			path = Mocks;
			sourceTree = "<group>";
		};
		F4D7000100000000000000AA /* Features */ = {
			isa = PBXGroup;
			children = (
				F4D7000200000000000000AA /* Auth */,
				F4D7000300000000000000AA /* Aisles */,
				F4D7000400000000000000AA /* Medicines */,
				53E0D8EB2C06717200DE1134 /* MainTabView.swift */,
			);
			path = Features;
			sourceTree = "<group>";
		};
		F4D7000200000000000000AA /* Auth */ = {
			isa = PBXGroup;
			children = (
				F4D9000100000000000000AA /* LoginViewModel.swift */,
				53E0D8D72C06097900DE1134 /* LoginView.swift */,
			);
			path = Auth;
			sourceTree = "<group>";
		};
		F4D7000300000000000000AA /* Aisles */ = {
			isa = PBXGroup;
			children = (
				53E0D8E52C066F4100DE1134 /* AisleListView.swift */,
				53E0D8D92C06098F00DE1134 /* MedicineListView.swift */,
			);
			path = Aisles;
			sourceTree = "<group>";
		};
		F4D7000400000000000000AA /* Medicines */ = {
			isa = PBXGroup;
			children = (
				53E0D8ED2C06718100DE1134 /* AllMedicinesView.swift */,
				53E0D8E72C066F6500DE1134 /* MedicineDetailView.swift */,
				53E0D8DD2C0609A800DE1134 /* MedicineStockViewModel.swift */,
				F4D1001400000000000000AA /* SortOption.swift */,
			);
			path = Medicines;
			sourceTree = "<group>";
		};
/* End PBXGroup section */

/* Begin PBXNativeTarget section */
		53E0D8922C06084700DE1134 /* MediStock */ = {
			isa = PBXNativeTarget;
			buildConfigurationList = 53E0D8B72C06084900DE1134 /* Build configuration list for PBXNativeTarget "MediStock" */;
			buildPhases = (
				53E0D88F2C06084700DE1134 /* Sources */,
				53E0D8902C06084700DE1134 /* Frameworks */,
				53E0D8912C06084700DE1134 /* Resources */,
			);
			buildRules = (
			);
			dependencies = (
			);
			name = MediStock;
			packageProductDependencies = (
				53E0D8C72C06092E00DE1134 /* FirebaseAuth */,
				53E0D8D12C06092E00DE1134 /* FirebaseFirestore */,
			);
			productName = MediStock;
			productReference = 53E0D8932C06084700DE1134 /* MediStock.app */;
			productType = "com.apple.product-type.application";
		};
		53E0D8A22C06084900DE1134 /* MediStockTests */ = {
			isa = PBXNativeTarget;
			buildConfigurationList = 53E0D8BA2C06084900DE1134 /* Build configuration list for PBXNativeTarget "MediStockTests" */;
			buildPhases = (
				53E0D89F2C06084900DE1134 /* Sources */,
				53E0D8A02C06084900DE1134 /* Frameworks */,
				53E0D8A12C06084900DE1134 /* Resources */,
			);
			buildRules = (
			);
			dependencies = (
				53E0D8A52C06084900DE1134 /* PBXTargetDependency */,
			);
			name = MediStockTests;
			productName = MediStockTests;
			productReference = 53E0D8A32C06084900DE1134 /* MediStockTests.xctest */;
			productType = "com.apple.product-type.bundle.unit-test";
		};
		53E0D8AC2C06084900DE1134 /* MediStockUITests */ = {
			isa = PBXNativeTarget;
			buildConfigurationList = 53E0D8BD2C06084900DE1134 /* Build configuration list for PBXNativeTarget "MediStockUITests" */;
			buildPhases = (
				53E0D8A92C06084900DE1134 /* Sources */,
				53E0D8AA2C06084900DE1134 /* Frameworks */,
				53E0D8AB2C06084900DE1134 /* Resources */,
			);
			buildRules = (
			);
			dependencies = (
				53E0D8AF2C06084900DE1134 /* PBXTargetDependency */,
			);
			name = MediStockUITests;
			productName = MediStockUITests;
			productReference = 53E0D8AD2C06084900DE1134 /* MediStockUITests.xctest */;
			productType = "com.apple.product-type.bundle.ui-testing";
		};
/* End PBXNativeTarget section */

/* Begin PBXProject section */
		53E0D88B2C06084700DE1134 /* Project object */ = {
			isa = PBXProject;
			attributes = {
				BuildIndependentTargetsInParallel = 1;
				LastSwiftUpdateCheck = 1540;
				LastUpgradeCheck = 1540;
				TargetAttributes = {
					53E0D8922C06084700DE1134 = {
						CreatedOnToolsVersion = 15.4;
					};
					53E0D8A22C06084900DE1134 = {
						CreatedOnToolsVersion = 15.4;
						TestTargetID = 53E0D8922C06084700DE1134;
					};
					53E0D8AC2C06084900DE1134 = {
						CreatedOnToolsVersion = 15.4;
						TestTargetID = 53E0D8922C06084700DE1134;
					};
				};
			};
			buildConfigurationList = 53E0D88E2C06084700DE1134 /* Build configuration list for PBXProject "MediStock" */;
			compatibilityVersion = "Xcode 14.0";
			developmentRegion = en;
			hasScannedForEncodings = 0;
			knownRegions = (
				en,
				Base,
			);
			mainGroup = 53E0D88A2C06084700DE1134;
			packageReferences = (
				53E0D8C02C06092E00DE1134 /* XCRemoteSwiftPackageReference "firebase-ios-sdk" */,
			);
			productRefGroup = 53E0D8942C06084700DE1134 /* Products */;
			projectDirPath = "";
			projectRoot = "";
			targets = (
				53E0D8922C06084700DE1134 /* MediStock */,
				53E0D8A22C06084900DE1134 /* MediStockTests */,
				53E0D8AC2C06084900DE1134 /* MediStockUITests */,
			);
		};
/* End PBXProject section */

/* Begin PBXResourcesBuildPhase section */
		53E0D8912C06084700DE1134 /* Resources */ = {
			isa = PBXResourcesBuildPhase;
			buildActionMask = 2147483647;
			files = (
				53E0D89E2C06084900DE1134 /* Preview Assets.xcassets in Resources */,
				53E0D89B2C06084900DE1134 /* Assets.xcassets in Resources */,
				F30003393024BCC80025EFCA /* GoogleService-Info.plist in Resources */,
			);
			runOnlyForDeploymentPostprocessing = 0;
		};
		53E0D8A12C06084900DE1134 /* Resources */ = {
			isa = PBXResourcesBuildPhase;
			buildActionMask = 2147483647;
			files = (
			);
			runOnlyForDeploymentPostprocessing = 0;
		};
		53E0D8AB2C06084900DE1134 /* Resources */ = {
			isa = PBXResourcesBuildPhase;
			buildActionMask = 2147483647;
			files = (
			);
			runOnlyForDeploymentPostprocessing = 0;
		};
/* End PBXResourcesBuildPhase section */

/* Begin PBXSourcesBuildPhase section */
		53E0D88F2C06084700DE1134 /* Sources */ = {
			isa = PBXSourcesBuildPhase;
			buildActionMask = 2147483647;
			files = (
				F4D9001000000000000000AA /* LoginViewModel.swift in Sources */,
				F4D8001000000000000000AA /* AppScreen.swift in Sources */,
				F4D8001100000000000000AA /* ViewModelFactory.swift in Sources */,
				F4D2000100000000000000AA /* AppEnvironment.swift in Sources */,
				F4D2000200000000000000AA /* DIContainer.swift in Sources */,
				F4D2000300000000000000AA /* PreviewSupport.swift in Sources */,
				F4D2000400000000000000AA /* MedicineRepository.swift in Sources */,
				F4D2000500000000000000AA /* HistoryRepository.swift in Sources */,
				F4D2000600000000000000AA /* AuthService.swift in Sources */,
				F4D2000700000000000000AA /* FirestoreMedicineRepository.swift in Sources */,
				F4D2000800000000000000AA /* FirestoreHistoryRepository.swift in Sources */,
				F4D2000900000000000000AA /* FirebaseAuthService.swift in Sources */,
				F4D2001000000000000000AA /* FirebaseAuthStateObservation.swift in Sources */,
				F4D2001100000000000000AA /* FirestoreErrorMapper.swift in Sources */,
				F4D2001200000000000000AA /* AppUser.swift in Sources */,
				F4D2001300000000000000AA /* MediStockError.swift in Sources */,
				F4D2001400000000000000AA /* SortOption.swift in Sources */,
				53E0D8E22C065FFE00DE1134 /* AppDelegate.swift in Sources */,
				53E0D8D82C06097900DE1134 /* LoginView.swift in Sources */,
				53E0D8EA2C066F7A00DE1134 /* HistoryEntry.swift in Sources */,
				53E0D8E02C0609B900DE1134 /* SessionManager.swift in Sources */,
				53E0D8DE2C0609A800DE1134 /* MedicineStockViewModel.swift in Sources */,
				53E0D8992C06084700DE1134 /* ContentView.swift in Sources */,
				53E0D8DC2C06099C00DE1134 /* Medicine.swift in Sources */,
				53E0D8DA2C06098F00DE1134 /* MedicineListView.swift in Sources */,
				53E0D8E62C066F4100DE1134 /* AisleListView.swift in Sources */,
				53E0D8972C06084700DE1134 /* MediStockApp.swift in Sources */,
				53E0D8E82C066F6500DE1134 /* MedicineDetailView.swift in Sources */,
				53E0D8EE2C06718100DE1134 /* AllMedicinesView.swift in Sources */,
				53E0D8EC2C06717200DE1134 /* MainTabView.swift in Sources */,
			);
			runOnlyForDeploymentPostprocessing = 0;
		};
		53E0D89F2C06084900DE1134 /* Sources */ = {
			isa = PBXSourcesBuildPhase;
			buildActionMask = 2147483647;
			files = (
				F4D9002000000000000000AA /* LoginViewModelTests.swift in Sources */,
				F4D5000100000000000000AA /* SessionManagerTests.swift in Sources */,
				F4D5000200000000000000AA /* Stubs.swift in Sources */,
				F4D5000300000000000000AA /* MockMedicineRepository.swift in Sources */,
				F4D5000400000000000000AA /* MockHistoryRepository.swift in Sources */,
				F4D5000500000000000000AA /* MockAuthService.swift in Sources */,
				53E0D8A82C06084900DE1134 /* MedicineStockViewModelTests.swift in Sources */,
			);
			runOnlyForDeploymentPostprocessing = 0;
		};
		53E0D8A92C06084900DE1134 /* Sources */ = {
			isa = PBXSourcesBuildPhase;
			buildActionMask = 2147483647;
			files = (
				53E0D8B42C06084900DE1134 /* MediStockUITestsLaunchTests.swift in Sources */,
				53E0D8B22C06084900DE1134 /* MediStockUITests.swift in Sources */,
			);
			runOnlyForDeploymentPostprocessing = 0;
		};
/* End PBXSourcesBuildPhase section */

/* Begin PBXTargetDependency section */
		53E0D8A52C06084900DE1134 /* PBXTargetDependency */ = {
			isa = PBXTargetDependency;
			target = 53E0D8922C06084700DE1134 /* MediStock */;
			targetProxy = 53E0D8A42C06084900DE1134 /* PBXContainerItemProxy */;
		};
		53E0D8AF2C06084900DE1134 /* PBXTargetDependency */ = {
			isa = PBXTargetDependency;
			target = 53E0D8922C06084700DE1134 /* MediStock */;
			targetProxy = 53E0D8AE2C06084900DE1134 /* PBXContainerItemProxy */;
		};
/* End PBXTargetDependency section */

/* Begin XCBuildConfiguration section */
		53E0D8B52C06084900DE1134 /* Debug */ = {
			isa = XCBuildConfiguration;
			buildSettings = {
				ALWAYS_SEARCH_USER_PATHS = NO;
				ASSETCATALOG_COMPILER_GENERATE_SWIFT_ASSET_SYMBOL_EXTENSIONS = YES;
				CLANG_ANALYZER_NONNULL = YES;
				CLANG_ANALYZER_NUMBER_OBJECT_CONVERSION = YES_AGGRESSIVE;
				CLANG_CXX_LANGUAGE_STANDARD = "gnu++20";
				CLANG_ENABLE_MODULES = YES;
				CLANG_ENABLE_OBJC_ARC = YES;
				CLANG_ENABLE_OBJC_WEAK = YES;
				CLANG_WARN_BLOCK_CAPTURE_AUTORELEASING = YES;
				CLANG_WARN_BOOL_CONVERSION = YES;
				CLANG_WARN_COMMA = YES;
				CLANG_WARN_CONSTANT_CONVERSION = YES;
				CLANG_WARN_DEPRECATED_OBJC_IMPLEMENTATIONS = YES;
				CLANG_WARN_DIRECT_OBJC_ISA_USAGE = YES_ERROR;
				CLANG_WARN_DOCUMENTATION_COMMENTS = YES;
				CLANG_WARN_EMPTY_BODY = YES;
				CLANG_WARN_ENUM_CONVERSION = YES;
				CLANG_WARN_INFINITE_RECURSION = YES;
				CLANG_WARN_INT_CONVERSION = YES;
				CLANG_WARN_NON_LITERAL_NULL_CONVERSION = YES;
				CLANG_WARN_OBJC_IMPLICIT_RETAIN_SELF = YES;
				CLANG_WARN_OBJC_LITERAL_CONVERSION = YES;
				CLANG_WARN_OBJC_ROOT_CLASS = YES_ERROR;
				CLANG_WARN_QUOTED_INCLUDE_IN_FRAMEWORK_HEADER = YES;
				CLANG_WARN_RANGE_LOOP_ANALYSIS = YES;
				CLANG_WARN_STRICT_PROTOTYPES = YES;
				CLANG_WARN_SUSPICIOUS_MOVE = YES;
				CLANG_WARN_UNGUARDED_AVAILABILITY = YES_AGGRESSIVE;
				CLANG_WARN_UNREACHABLE_CODE = YES;
				CLANG_WARN__DUPLICATE_METHOD_MATCH = YES;
				COPY_PHASE_STRIP = NO;
				DEBUG_INFORMATION_FORMAT = dwarf;
				ENABLE_STRICT_OBJC_MSGSEND = YES;
				ENABLE_TESTABILITY = YES;
				ENABLE_USER_SCRIPT_SANDBOXING = YES;
				GCC_C_LANGUAGE_STANDARD = gnu17;
				GCC_DYNAMIC_NO_PIC = NO;
				GCC_NO_COMMON_BLOCKS = YES;
				GCC_OPTIMIZATION_LEVEL = 0;
				GCC_PREPROCESSOR_DEFINITIONS = (
					"DEBUG=1",
					"$(inherited)",
				);
				GCC_WARN_64_TO_32_BIT_CONVERSION = YES;
				GCC_WARN_ABOUT_RETURN_TYPE = YES_ERROR;
				GCC_WARN_UNDECLARED_SELECTOR = YES;
				GCC_WARN_UNINITIALIZED_AUTOS = YES_AGGRESSIVE;
				GCC_WARN_UNUSED_FUNCTION = YES;
				GCC_WARN_UNUSED_VARIABLE = YES;
				IPHONEOS_DEPLOYMENT_TARGET = 18.0;
				LOCALIZATION_PREFERS_STRING_CATALOGS = YES;
				MTL_ENABLE_DEBUG_INFO = INCLUDE_SOURCE;
				MTL_FAST_MATH = YES;
				ONLY_ACTIVE_ARCH = YES;
				SDKROOT = iphoneos;
				SWIFT_ACTIVE_COMPILATION_CONDITIONS = "DEBUG $(inherited)";
				SWIFT_OPTIMIZATION_LEVEL = "-Onone";
			};
			name = Debug;
		};
		53E0D8B62C06084900DE1134 /* Release */ = {
			isa = XCBuildConfiguration;
			buildSettings = {
				ALWAYS_SEARCH_USER_PATHS = NO;
				ASSETCATALOG_COMPILER_GENERATE_SWIFT_ASSET_SYMBOL_EXTENSIONS = YES;
				CLANG_ANALYZER_NONNULL = YES;
				CLANG_ANALYZER_NUMBER_OBJECT_CONVERSION = YES_AGGRESSIVE;
				CLANG_CXX_LANGUAGE_STANDARD = "gnu++20";
				CLANG_ENABLE_MODULES = YES;
				CLANG_ENABLE_OBJC_ARC = YES;
				CLANG_ENABLE_OBJC_WEAK = YES;
				CLANG_WARN_BLOCK_CAPTURE_AUTORELEASING = YES;
				CLANG_WARN_BOOL_CONVERSION = YES;
				CLANG_WARN_COMMA = YES;
				CLANG_WARN_CONSTANT_CONVERSION = YES;
				CLANG_WARN_DEPRECATED_OBJC_IMPLEMENTATIONS = YES;
				CLANG_WARN_DIRECT_OBJC_ISA_USAGE = YES_ERROR;
				CLANG_WARN_DOCUMENTATION_COMMENTS = YES;
				CLANG_WARN_EMPTY_BODY = YES;
				CLANG_WARN_ENUM_CONVERSION = YES;
				CLANG_WARN_INFINITE_RECURSION = YES;
				CLANG_WARN_INT_CONVERSION = YES;
				CLANG_WARN_NON_LITERAL_NULL_CONVERSION = YES;
				CLANG_WARN_OBJC_IMPLICIT_RETAIN_SELF = YES;
				CLANG_WARN_OBJC_LITERAL_CONVERSION = YES;
				CLANG_WARN_OBJC_ROOT_CLASS = YES_ERROR;
				CLANG_WARN_QUOTED_INCLUDE_IN_FRAMEWORK_HEADER = YES;
				CLANG_WARN_RANGE_LOOP_ANALYSIS = YES;
				CLANG_WARN_STRICT_PROTOTYPES = YES;
				CLANG_WARN_SUSPICIOUS_MOVE = YES;
				CLANG_WARN_UNGUARDED_AVAILABILITY = YES_AGGRESSIVE;
				CLANG_WARN_UNREACHABLE_CODE = YES;
				CLANG_WARN__DUPLICATE_METHOD_MATCH = YES;
				COPY_PHASE_STRIP = NO;
				DEBUG_INFORMATION_FORMAT = "dwarf-with-dsym";
				ENABLE_NS_ASSERTIONS = NO;
				ENABLE_STRICT_OBJC_MSGSEND = YES;
				ENABLE_USER_SCRIPT_SANDBOXING = YES;
				GCC_C_LANGUAGE_STANDARD = gnu17;
				GCC_NO_COMMON_BLOCKS = YES;
				GCC_WARN_64_TO_32_BIT_CONVERSION = YES;
				GCC_WARN_ABOUT_RETURN_TYPE = YES_ERROR;
				GCC_WARN_UNDECLARED_SELECTOR = YES;
				GCC_WARN_UNINITIALIZED_AUTOS = YES_AGGRESSIVE;
				GCC_WARN_UNUSED_FUNCTION = YES;
				GCC_WARN_UNUSED_VARIABLE = YES;
				IPHONEOS_DEPLOYMENT_TARGET = 18.0;
				LOCALIZATION_PREFERS_STRING_CATALOGS = YES;
				MTL_ENABLE_DEBUG_INFO = NO;
				MTL_FAST_MATH = YES;
				SDKROOT = iphoneos;
				SWIFT_COMPILATION_MODE = wholemodule;
				VALIDATE_PRODUCT = YES;
			};
			name = Release;
		};
		53E0D8B82C06084900DE1134 /* Debug */ = {
			isa = XCBuildConfiguration;
			buildSettings = {
				ASSETCATALOG_COMPILER_APPICON_NAME = AppIcon;
				ASSETCATALOG_COMPILER_GLOBAL_ACCENT_COLOR_NAME = AccentColor;
				CODE_SIGN_STYLE = Automatic;
				CURRENT_PROJECT_VERSION = 1;
				DEVELOPMENT_ASSET_PATHS = "\"MediStock/Preview Content\"";
				DEVELOPMENT_TEAM = RT62BPUMZ6;
				ENABLE_PREVIEWS = YES;
				GENERATE_INFOPLIST_FILE = YES;
				INFOPLIST_KEY_UIApplicationSceneManifest_Generation = YES;
				INFOPLIST_KEY_UIApplicationSupportsIndirectInputEvents = YES;
				INFOPLIST_KEY_UILaunchScreen_Generation = YES;
				INFOPLIST_KEY_UISupportedInterfaceOrientations_iPad = "UIInterfaceOrientationPortrait UIInterfaceOrientationPortraitUpsideDown UIInterfaceOrientationLandscapeLeft UIInterfaceOrientationLandscapeRight";
				INFOPLIST_KEY_UISupportedInterfaceOrientations_iPhone = "UIInterfaceOrientationPortrait UIInterfaceOrientationLandscapeLeft UIInterfaceOrientationLandscapeRight";
				IPHONEOS_DEPLOYMENT_TARGET = 18.0;
				LD_RUNPATH_SEARCH_PATHS = (
					"$(inherited)",
					"@executable_path/Frameworks",
				);
				MARKETING_VERSION = 1.0;
				PRODUCT_BUNDLE_IDENTIFIER = com.rebonnte.MediStock;
				PRODUCT_NAME = "$(TARGET_NAME)";
				SWIFT_EMIT_LOC_STRINGS = YES;
				SWIFT_VERSION = 5.0;
				TARGETED_DEVICE_FAMILY = "1,2";
			};
			name = Debug;
		};
		53E0D8B92C06084900DE1134 /* Release */ = {
			isa = XCBuildConfiguration;
			buildSettings = {
				ASSETCATALOG_COMPILER_APPICON_NAME = AppIcon;
				ASSETCATALOG_COMPILER_GLOBAL_ACCENT_COLOR_NAME = AccentColor;
				CODE_SIGN_STYLE = Automatic;
				CURRENT_PROJECT_VERSION = 1;
				DEVELOPMENT_ASSET_PATHS = "\"MediStock/Preview Content\"";
				DEVELOPMENT_TEAM = RT62BPUMZ6;
				ENABLE_PREVIEWS = YES;
				GENERATE_INFOPLIST_FILE = YES;
				INFOPLIST_KEY_UIApplicationSceneManifest_Generation = YES;
				INFOPLIST_KEY_UIApplicationSupportsIndirectInputEvents = YES;
				INFOPLIST_KEY_UILaunchScreen_Generation = YES;
				INFOPLIST_KEY_UISupportedInterfaceOrientations_iPad = "UIInterfaceOrientationPortrait UIInterfaceOrientationPortraitUpsideDown UIInterfaceOrientationLandscapeLeft UIInterfaceOrientationLandscapeRight";
				INFOPLIST_KEY_UISupportedInterfaceOrientations_iPhone = "UIInterfaceOrientationPortrait UIInterfaceOrientationLandscapeLeft UIInterfaceOrientationLandscapeRight";
				IPHONEOS_DEPLOYMENT_TARGET = 18.0;
				LD_RUNPATH_SEARCH_PATHS = (
					"$(inherited)",
					"@executable_path/Frameworks",
				);
				MARKETING_VERSION = 1.0;
				PRODUCT_BUNDLE_IDENTIFIER = com.rebonnte.MediStock;
				PRODUCT_NAME = "$(TARGET_NAME)";
				SWIFT_EMIT_LOC_STRINGS = YES;
				SWIFT_VERSION = 5.0;
				TARGETED_DEVICE_FAMILY = "1,2";
			};
			name = Release;
		};
		53E0D8BB2C06084900DE1134 /* Debug */ = {
			isa = XCBuildConfiguration;
			buildSettings = {
				ALWAYS_EMBED_SWIFT_STANDARD_LIBRARIES = YES;
				BUNDLE_LOADER = "$(TEST_HOST)";
				CODE_SIGN_STYLE = Automatic;
				CURRENT_PROJECT_VERSION = 1;
				GENERATE_INFOPLIST_FILE = YES;
				IPHONEOS_DEPLOYMENT_TARGET = 18.0;
				MARKETING_VERSION = 1.0;
				PRODUCT_BUNDLE_IDENTIFIER = com.rebonnte.MediStockTests;
				PRODUCT_NAME = "$(TARGET_NAME)";
				SWIFT_EMIT_LOC_STRINGS = NO;
				SWIFT_VERSION = 5.0;
				TARGETED_DEVICE_FAMILY = "1,2";
				TEST_HOST = "$(BUILT_PRODUCTS_DIR)/MediStock.app/$(BUNDLE_EXECUTABLE_FOLDER_PATH)/MediStock";
			};
			name = Debug;
		};
		53E0D8BC2C06084900DE1134 /* Release */ = {
			isa = XCBuildConfiguration;
			buildSettings = {
				ALWAYS_EMBED_SWIFT_STANDARD_LIBRARIES = YES;
				BUNDLE_LOADER = "$(TEST_HOST)";
				CODE_SIGN_STYLE = Automatic;
				CURRENT_PROJECT_VERSION = 1;
				GENERATE_INFOPLIST_FILE = YES;
				IPHONEOS_DEPLOYMENT_TARGET = 18.0;
				MARKETING_VERSION = 1.0;
				PRODUCT_BUNDLE_IDENTIFIER = com.rebonnte.MediStockTests;
				PRODUCT_NAME = "$(TARGET_NAME)";
				SWIFT_EMIT_LOC_STRINGS = NO;
				SWIFT_VERSION = 5.0;
				TARGETED_DEVICE_FAMILY = "1,2";
				TEST_HOST = "$(BUILT_PRODUCTS_DIR)/MediStock.app/$(BUNDLE_EXECUTABLE_FOLDER_PATH)/MediStock";
			};
			name = Release;
		};
		53E0D8BE2C06084900DE1134 /* Debug */ = {
			isa = XCBuildConfiguration;
			buildSettings = {
				ALWAYS_EMBED_SWIFT_STANDARD_LIBRARIES = YES;
				CODE_SIGN_STYLE = Automatic;
				CURRENT_PROJECT_VERSION = 1;
				GENERATE_INFOPLIST_FILE = YES;
				MARKETING_VERSION = 1.0;
				PRODUCT_BUNDLE_IDENTIFIER = com.rebonnte.MediStockUITests;
				PRODUCT_NAME = "$(TARGET_NAME)";
				SWIFT_EMIT_LOC_STRINGS = NO;
				SWIFT_VERSION = 5.0;
				TARGETED_DEVICE_FAMILY = "1,2";
				TEST_TARGET_NAME = MediStock;
			};
			name = Debug;
		};
		53E0D8BF2C06084900DE1134 /* Release */ = {
			isa = XCBuildConfiguration;
			buildSettings = {
				ALWAYS_EMBED_SWIFT_STANDARD_LIBRARIES = YES;
				CODE_SIGN_STYLE = Automatic;
				CURRENT_PROJECT_VERSION = 1;
				GENERATE_INFOPLIST_FILE = YES;
				MARKETING_VERSION = 1.0;
				PRODUCT_BUNDLE_IDENTIFIER = com.rebonnte.MediStockUITests;
				PRODUCT_NAME = "$(TARGET_NAME)";
				SWIFT_EMIT_LOC_STRINGS = NO;
				SWIFT_VERSION = 5.0;
				TARGETED_DEVICE_FAMILY = "1,2";
				TEST_TARGET_NAME = MediStock;
			};
			name = Release;
		};
/* End XCBuildConfiguration section */

/* Begin XCConfigurationList section */
		53E0D88E2C06084700DE1134 /* Build configuration list for PBXProject "MediStock" */ = {
			isa = XCConfigurationList;
			buildConfigurations = (
				53E0D8B52C06084900DE1134 /* Debug */,
				53E0D8B62C06084900DE1134 /* Release */,
			);
			defaultConfigurationIsVisible = 0;
			defaultConfigurationName = Release;
		};
		53E0D8B72C06084900DE1134 /* Build configuration list for PBXNativeTarget "MediStock" */ = {
			isa = XCConfigurationList;
			buildConfigurations = (
				53E0D8B82C06084900DE1134 /* Debug */,
				53E0D8B92C06084900DE1134 /* Release */,
			);
			defaultConfigurationIsVisible = 0;
			defaultConfigurationName = Release;
		};
		53E0D8BA2C06084900DE1134 /* Build configuration list for PBXNativeTarget "MediStockTests" */ = {
			isa = XCConfigurationList;
			buildConfigurations = (
				53E0D8BB2C06084900DE1134 /* Debug */,
				53E0D8BC2C06084900DE1134 /* Release */,
			);
			defaultConfigurationIsVisible = 0;
			defaultConfigurationName = Release;
		};
		53E0D8BD2C06084900DE1134 /* Build configuration list for PBXNativeTarget "MediStockUITests" */ = {
			isa = XCConfigurationList;
			buildConfigurations = (
				53E0D8BE2C06084900DE1134 /* Debug */,
				53E0D8BF2C06084900DE1134 /* Release */,
			);
			defaultConfigurationIsVisible = 0;
			defaultConfigurationName = Release;
		};
/* End XCConfigurationList section */

/* Begin XCRemoteSwiftPackageReference section */
		53E0D8C02C06092E00DE1134 /* XCRemoteSwiftPackageReference "firebase-ios-sdk" */ = {
			isa = XCRemoteSwiftPackageReference;
			repositoryURL = "https://github.com/firebase/firebase-ios-sdk";
			requirement = {
				kind = upToNextMajorVersion;
				minimumVersion = 12.0.0;
			};
		};
/* End XCRemoteSwiftPackageReference section */

/* Begin XCSwiftPackageProductDependency section */
		53E0D8C72C06092E00DE1134 /* FirebaseAuth */ = {
			isa = XCSwiftPackageProductDependency;
			package = 53E0D8C02C06092E00DE1134 /* XCRemoteSwiftPackageReference "firebase-ios-sdk" */;
			productName = FirebaseAuth;
		};
		53E0D8D12C06092E00DE1134 /* FirebaseFirestore */ = {
			isa = XCSwiftPackageProductDependency;
			package = 53E0D8C02C06092E00DE1134 /* XCRemoteSwiftPackageReference "firebase-ios-sdk" */;
			productName = FirebaseFirestore;
		};
/* End XCSwiftPackageProductDependency section */
	};
	rootObject = 53E0D88B2C06084700DE1134 /* Project object */;
}
